{
  "version": 4,
  "terraform_version": "1.8.3",
  "serial": 10,
  "lineage": "02983609-5cc8-a438-639a-b9af668615aa",
  "outputs": {
    "external_ip_address_app": {
      "value": "84.201.132.242",
      "type": "string"
    }
  },
  "resources": [
    {
      "mode": "managed",
      "type": "yandex_compute_instance",
      "name": "app",
      "provider": "provider[\"registry.terraform.io/yandex-cloud/yandex\"]",
      "instances": [
        {
          "schema_version": 1,
          "attributes": {
            "allow_recreate": null,
            "allow_stopping_for_update": null,
            "boot_disk": [
              {
                "auto_delete": true,
                "device_name": "fhmdg0gc94nj4ach5eio",
                "disk_id": "fhmdg0gc94nj4ach5eio",
                "initialize_params": [
                  {
                    "block_size": 4096,
                    "description": "",
                    "image_id": "fd844j3549nar115ehr1",
                    "name": "",
                    "size": 10,
                    "snapshot_id": "",
                    "type": "network-hdd"
                  }
                ],
                "mode": "READ_WRITE"
              }
            ],
            "created_at": "2024-05-11T20:17:37Z",
            "description": "",
            "filesystem": [],
            "folder_id": "b1gs45353ng3nfua4bgs",
            "fqdn": "fhme1f9l5gpo7fh2lcip.auto.internal",
            "gpu_cluster_id": "",
            "hostname": "",
            "id": "fhme1f9l5gpo7fh2lcip",
            "labels": null,
            "local_disk": [],
            "maintenance_grace_period": "",
            "maintenance_policy": null,
            "metadata": {
              "ssh-keys": "ubuntu:ssh-rsa AAAAB3NzaC1yc2EAAAADAQABAAABgQCpnOqFAvCagvCNuNAdyUfhlFEF9o8NPJnj3FZBYR/gpAgzpqWR4Nmh7m0eloX0Y8asXa7bAkN6ntLx0i19Scwk5fhW7YbgLz6OWJmPED0mNiFikul4M4uXxcYdPCq+Pv76j6MXlUXggW6MqlGWyzCret/6RLxzRG++Nu5Iqj8kz38u5nRb664/hfQ9oqEIHAKINHSRza5ylmOK7Cq+AKupNbPFSATUzvlGdVN/jUwXGB3HUjy0hOhY+Yyk01ptI2mmEC/WMLzw2OkE5bHjgzWoX2+pt7c97N/U65z8HZOQioNPw0BVZohJd8symlFmBPOSW776NXxQPfhlOJYVuFLfu2mewshOra/aRBx/qm3Ih5gTvBVJjq7IXCY2SMYbkbu5JEOoZWELITTzMfF5AiH6NQma/VNbOqP+CCVL+ZhdE+Cjf7/QbYd5kR+9+TSO2JgrqaVppm9rqiEvuC5fqG62PlWgEbMNfKjtV4e8rXe36T7sTNkkAKMuGjigb5i/Kfk= jin@DESKTOP-D01R2CS\r\n"
            },
            "metadata_options": [
              {
                "aws_v1_http_endpoint": 1,
                "aws_v1_http_token": 2,
                "gce_http_endpoint": 1,
                "gce_http_token": 1
              }
            ],
            "name": "reddit-app",
            "network_acceleration_type": "standard",
            "network_interface": [
              {
                "dns_record": [],
                "index": 0,
                "ip_address": "10.128.0.10",
                "ipv4": true,
                "ipv6": false,
                "ipv6_address": "",
                "ipv6_dns_record": [],
                "mac_address": "d0:0d:e0:bd:35:2c",
                "nat": true,
                "nat_dns_record": [],
                "nat_ip_address": "84.201.132.242",
                "nat_ip_version": "IPV4",
                "security_group_ids": [],
                "subnet_id": "e9b7buvh230kkn7i9b6k"
              }
            ],
            "placement_policy": [
              {
                "host_affinity_rules": [],
                "placement_group_id": "",
                "placement_group_partition": 0
              }
            ],
            "platform_id": "standard-v1",
            "resources": [
              {
                "core_fraction": 100,
                "cores": 2,
                "gpus": 0,
                "memory": 2
              }
            ],
            "scheduling_policy": [
              {
                "preemptible": false
              }
            ],
            "secondary_disk": [],
            "service_account_id": "",
            "status": "running",
            "timeouts": null,
            "zone": "ru-central1-a"
          },
          "sensitive_attributes": [],
          "private": "eyJlMmJmYjczMC1lY2FhLTExZTYtOGY4OC0zNDM2M2JjN2M0YzAiOnsiY3JlYXRlIjozMDAwMDAwMDAwMDAsImRlbGV0ZSI6MzAwMDAwMDAwMDAwLCJ1cGRhdGUiOjMwMDAwMDAwMDAwMH0sInNjaGVtYV92ZXJzaW9uIjoiMSJ9"
        }
      ]
    }
  ],
  "check_results": null
}
